
Microsoft Visual Studio Solution File, Format Version 12.00
# Visual Studio Version 17
VisualStudioVersion = 17.4.33110.190
MinimumVisualStudioVersion = 10.0.40219.1
Project("{FAE04EC0-301F-11D3-BF4B-00C04F79EFBC}") = "21.102_Zotochkina_02", "21.102_Zotochkina_02\21.102_Zotochkina_02.csproj", "{A084526C-EECA-45E6-A072-CC19B1B9A7B2}"
EndProject
Project("{FAE04EC0-301F-11D3-BF4B-00C04F79EFBC}") = "UnitTestProject1", "UnitTestProject1\UnitTestProject1.csproj", "{960A9A1A-D447-4A1C-B6DB-1DB1A7C1D30A}"
EndProject
Global
	GlobalSection(SolutionConfigurationPlatforms) = preSolution
		Debug|Any CPU = Debug|Any CPU
		Release|Any CPU = Release|Any CPU
	EndGlobalSection
	GlobalSection(ProjectConfigurationPlatforms) = postSolution
		{A084526C-EECA-45E6-A072-CC19B1B9A7B2}.Debug|Any CPU.ActiveCfg = Debug|Any CPU
		{A084526C-EECA-45E6-A072-CC19B1B9A7B2}.Debug|Any CPU.Build.0 = Debug|Any CPU
		{A084526C-EECA-45E6-A072-CC19B1B9A7B2}.Release|Any CPU.ActiveCfg = Release|Any CPU
		{A084526C-EECA-45E6-A072-CC19B1B9A7B2}.Release|Any CPU.Build.0 = Release|Any CPU
		{960A9A1A-D447-4A1C-B6DB-1DB1A7C1D30A}.Debug|Any CPU.ActiveCfg = Debug|Any CPU
		{960A9A1A-D447-4A1C-B6DB-1DB1A7C1D30A}.Debug|Any CPU.Build.0 = Debug|Any CPU
		{960A9A1A-D447-4A1C-B6DB-1DB1A7C1D30A}.Release|Any CPU.ActiveCfg = Release|Any CPU
		{960A9A1A-D447-4A1C-B6DB-1DB1A7C1D30A}.Release|Any CPU.Build.0 = Release|Any CPU
	EndGlobalSection
	GlobalSection(SolutionProperties) = preSolution
		HideSolutionNode = FALSE
	EndGlobalSection
	GlobalSection(ExtensibilityGlobals) = postSolution
		SolutionGuid = {C8E01EA3-C36C-4EB2-AA1E-E8CC8CC39577}
	EndGlobalSection
EndGlobal
